// !$*UTF8*$!
{
	archiveVersion = 1;
	classes = {
	};
	objectVersion = 55;
	objects = {

/* Begin PBXBuildFile section */
		2ED7E0EE288E3E4D00DE16D4 /* NC2App.swift in Sources */ = {isa = PBXBuildFile; fileRef = 2ED7E0ED288E3E4D00DE16D4 /* NC2App.swift */; };
		2ED7E0F0288E3E4D00DE16D4 /* ContentView.swift in Sources */ = {isa = PBXBuildFile; fileRef = 2ED7E0EF288E3E4D00DE16D4 /* ContentView.swift */; };
		2ED7E0F2288E3E4E00DE16D4 /* Assets.xcassets in Resources */ = {isa = PBXBuildFile; fileRef = 2ED7E0F1288E3E4E00DE16D4 /* Assets.xcassets */; };
		2ED7E0F5288E3E4E00DE16D4 /* Preview Assets.xcassets in Resources */ = {isa = PBXBuildFile; fileRef = 2ED7E0F4288E3E4E00DE16D4 /* Preview Assets.xcassets */; };
		2ED7E0FA288E3E4E00DE16D4 /* NC2.xcdatamodeld in Sources */ = {isa = PBXBuildFile; fileRef = 2ED7E0F8288E3E4E00DE16D4 /* NC2.xcdatamodeld */; };
		2ED7E102288F978500DE16D4 /* HomePage.swift in Sources */ = {isa = PBXBuildFile; fileRef = 2ED7E101288F978500DE16D4 /* HomePage.swift */; };
		2ED7E105289148A700DE16D4 /* NavigationBar.swift in Sources */ = {isa = PBXBuildFile; fileRef = 2ED7E104289148A700DE16D4 /* NavigationBar.swift */; };
/* End PBXBuildFile section */

/* Begin PBXFileReference section */
		2ED7E0EA288E3E4D00DE16D4 /* NC2.app */ = {isa = PBXFileReference; explicitFileType = wrapper.application; includeInIndex = 0; path = NC2.app; sourceTree = BUILT_PRODUCTS_DIR; };
		2ED7E0ED288E3E4D00DE16D4 /* NC2App.swift */ = {isa = PBXFileReference; lastKnownFileType = sourcecode.swift; path = NC2App.swift; sourceTree = "<group>"; };
		2ED7E0EF288E3E4D00DE16D4 /* ContentView.swift */ = {isa = PBXFileReference; lastKnownFileType = sourcecode.swift; path = ContentView.swift; sourceTree = "<group>"; };
		2ED7E0F1288E3E4E00DE16D4 /* Assets.xcassets */ = {isa = PBXFileReference; lastKnownFileType = folder.assetcatalog; path = Assets.xcassets; sourceTree = "<group>"; };
		2ED7E0F4288E3E4E00DE16D4 /* Preview Assets.xcassets */ = {isa = PBXFileReference; lastKnownFileType = folder.assetcatalog; path = "Preview Assets.xcassets"; sourceTree = "<group>"; };
		2ED7E0F9288E3E4E00DE16D4 /* NC2.xcdatamodel */ = {isa = PBXFileReference; lastKnownFileType = wrapper.xcdatamodel; path = NC2.xcdatamodel; sourceTree = "<group>"; };
		2ED7E101288F978500DE16D4 /* HomePage.swift */ = {isa = PBXFileReference; lastKnownFileType = sourcecode.swift; path = HomePage.swift; sourceTree = "<group>"; };
		2ED7E104289148A700DE16D4 /* NavigationBar.swift */ = {isa = PBXFileReference; lastKnownFileType = sourcecode.swift; path = NavigationBar.swift; sourceTree = "<group>"; };
/* End PBXFileReference section */

/* Begin PBXFrameworksBuildPhase section */
		2ED7E0E7288E3E4D00DE16D4 /* Frameworks */ = {
			isa = PBXFrameworksBuildPhase;
			buildActionMask = 2147483647;
			files = (
			);
			runOnlyForDeploymentPostprocessing = 0;
		};
/* End PBXFrameworksBuildPhase section */

/* Begin PBXGroup section */
		2ED7E0E1288E3E4D00DE16D4 = {
			isa = PBXGroup;
			children = (
				2ED7E0EC288E3E4D00DE16D4 /* NC2 */,
				2ED7E0EB288E3E4D00DE16D4 /* Products */,
			);
			sourceTree = "<group>";
		};
		2ED7E0EB288E3E4D00DE16D4 /* Products */ = {
			isa = PBXGroup;
			children = (
				2ED7E0EA288E3E4D00DE16D4 /* NC2.app */,
			);
			name = Products;
			sourceTree = "<group>";
		};
		2ED7E0EC288E3E4D00DE16D4 /* NC2 */ = {
			isa = PBXGroup;
			children = (
				2ED7E106289149A500DE16D4 /* Controller */,
				2ED7E103289146F600DE16D4 /* Model */,
				2ED7E100288F90D700DE16D4 /* View */,
				2ED7E0ED288E3E4D00DE16D4 /* NC2App.swift */,
				2ED7E0EF288E3E4D00DE16D4 /* ContentView.swift */,
				2ED7E0F1288E3E4E00DE16D4 /* Assets.xcassets */,
				2ED7E0F8288E3E4E00DE16D4 /* NC2.xcdatamodeld */,
				2ED7E0F3288E3E4E00DE16D4 /* Preview Content */,
			);
			path = NC2;
			sourceTree = "<group>";
		};
		2ED7E0F3288E3E4E00DE16D4 /* Preview Content */ = {
			isa = PBXGroup;
			children = (
				2ED7E0F4288E3E4E00DE16D4 /* Preview Assets.xcassets */,
			);
			path = "Preview Content";
			sourceTree = "<group>";
		};
		2ED7E100288F90D700DE16D4 /* View */ = {
			isa = PBXGroup;
			children = (
				2ED7E10928914B7300DE16D4 /* Component */,
				2ED7E101288F978500DE16D4 /* HomePage.swift */,
			);
			path = View;
			sourceTree = "<group>";
		};
		2ED7E103289146F600DE16D4 /* Model */ = {
			isa = PBXGroup;
			children = (
			);
			path = Model;
			sourceTree = "<group>";
		};
		2ED7E106289149A500DE16D4 /* Controller */ = {
			isa = PBXGroup;
			children = (
			);
			path = Controller;
			sourceTree = "<group>";
		};
		2ED7E10928914B7300DE16D4 /* Component */ = {
			isa = PBXGroup;
			children = (
				2ED7E104289148A700DE16D4 /* NavigationBar.swift */,
			);
			path = Component;
			sourceTree = "<group>";
		};
/* End PBXGroup section */

/* Begin PBXNativeTarget section */
		2ED7E0E9288E3E4D00DE16D4 /* NC2 */ = {
			isa = PBXNativeTarget;
			buildConfigurationList = 2ED7E0FD288E3E4E00DE16D4 /* Build configuration list for PBXNativeTarget "NC2" */;
			buildPhases = (
				2ED7E0E6288E3E4D00DE16D4 /* Sources */,
				2ED7E0E7288E3E4D00DE16D4 /* Frameworks */,
				2ED7E0E8288E3E4D00DE16D4 /* Resources */,
			);
			buildRules = (
			);
			dependencies = (
			);
			name = NC2;
			productName = NC2;
			productReference = 2ED7E0EA288E3E4D00DE16D4 /* NC2.app */;
			productType = "com.apple.product-type.application";
		};
/* End PBXNativeTarget section */

/* Begin PBXProject section */
		2ED7E0E2288E3E4D00DE16D4 /* Project object */ = {
			isa = PBXProject;
			attributes = {
				BuildIndependentTargetsInParallel = 1;
				LastSwiftUpdateCheck = 1340;
				LastUpgradeCheck = 1340;
				TargetAttributes = {
					2ED7E0E9288E3E4D00DE16D4 = {
						CreatedOnToolsVersion = 13.4.1;
					};
				};
			};
			buildConfigurationList = 2ED7E0E5288E3E4D00DE16D4 /* Build configuration list for PBXProject "NC2" */;
			compatibilityVersion = "Xcode 13.0";
			developmentRegion = en;
			hasScannedForEncodings = 0;
			knownRegions = (
				en,
				Base,
			);
			mainGroup = 2ED7E0E1288E3E4D00DE16D4;
			productRefGroup = 2ED7E0EB288E3E4D00DE16D4 /* Products */;
			projectDirPath = "";
			projectRoot = "";
			targets = (
				2ED7E0E9288E3E4D00DE16D4 /* NC2 */,
			);
		};
/* End PBXProject section */

/* Begin PBXResourcesBuildPhase section */
		2ED7E0E8288E3E4D00DE16D4 /* Resources */ = {
			isa = PBXResourcesBuildPhase;
			buildActionMask = 2147483647;
			files = (
				2ED7E0F5288E3E4E00DE16D4 /* Preview Assets.xcassets in Resources */,
				2ED7E0F2288E3E4E00DE16D4 /* Assets.xcassets in Resources */,
			);
			runOnlyForDeploymentPostprocessing = 0;
		};
/* End PBXResourcesBuildPhase section */

/* Begin PBXSourcesBuildPhase section */
		2ED7E0E6288E3E4D00DE16D4 /* Sources */ = {
			isa = PBXSourcesBuildPhase;
			buildActionMask = 2147483647;
			files = (
				2ED7E105289148A700DE16D4 /* NavigationBar.swift in Sources */,
				2ED7E102288F978500DE16D4 /* HomePage.swift in Sources */,
				2ED7E0F0288E3E4D00DE16D4 /* ContentView.swift in Sources */,
				2ED7E0EE288E3E4D00DE16D4 /* NC2App.swift in Sources */,
				2ED7E0FA288E3E4E00DE16D4 /* NC2.xcdatamodeld in Sources */,
			);
			runOnlyForDeploymentPostprocessing = 0;
		};
/* End PBXSourcesBuildPhase section */

/* Begin XCBuildConfiguration section */
		2ED7E0FB288E3E4E00DE16D4 /* Debug */ = {
			isa = XCBuildConfiguration;
			buildSettings = {
				ALWAYS_SEARCH_USER_PATHS = NO;
				CLANG_ANALYZER_NONNULL = YES;
				CLANG_ANALYZER_NUMBER_OBJECT_CONVERSION = YES_AGGRESSIVE;
				CLANG_CXX_LANGUAGE_STANDARD = "gnu++17";
				CLANG_ENABLE_MODULES = YES;
				CLANG_ENABLE_OBJC_ARC = YES;
				CLANG_ENABLE_OBJC_WEAK = YES;
				CLANG_WARN_BLOCK_CAPTURE_AUTORELEASING = YES;
				CLANG_WARN_BOOL_CONVERSION = YES;
				CLANG_WARN_COMMA = YES;
				CLANG_WARN_CONSTANT_CONVERSION = YES;
				CLANG_WARN_DEPRECATED_OBJC_IMPLEMENTATIONS = YES;
				CLANG_WARN_DIRECT_OBJC_ISA_USAGE = YES_ERROR;
				CLANG_WARN_DOCUMENTATION_COMMENTS = YES;
				CLANG_WARN_EMPTY_BODY = YES;
				CLANG_WARN_ENUM_CONVERSION = YES;
				CLANG_WARN_INFINITE_RECURSION = YES;
				CLANG_WARN_INT_CONVERSION = YES;
				CLANG_WARN_NON_LITERAL_NULL_CONVERSION = YES;
				CLANG_WARN_OBJC_IMPLICIT_RETAIN_SELF = YES;
				CLANG_WARN_OBJC_LITERAL_CONVERSION = YES;
				CLANG_WARN_OBJC_ROOT_CLASS = YES_ERROR;
				CLANG_WARN_QUOTED_INCLUDE_IN_FRAMEWORK_HEADER = YES;
				CLANG_WARN_RANGE_LOOP_ANALYSIS = YES;
				CLANG_WARN_STRICT_PROTOTYPES = YES;
				CLANG_WARN_SUSPICIOUS_MOVE = YES;
				CLANG_WARN_UNGUARDED_AVAILABILITY = YES_AGGRESSIVE;
				CLANG_WARN_UNREACHABLE_CODE = YES;
				CLANG_WARN__DUPLICATE_METHOD_MATCH = YES;
				COPY_PHASE_STRIP = NO;
				DEBUG_INFORMATION_FORMAT = dwarf;
				ENABLE_STRICT_OBJC_MSGSEND = YES;
				ENABLE_TESTABILITY = YES;
				GCC_C_LANGUAGE_STANDARD = gnu11;
				GCC_DYNAMIC_NO_PIC = NO;
				GCC_NO_COMMON_BLOCKS = YES;
				GCC_OPTIMIZATION_LEVEL = 0;
				GCC_PREPROCESSOR_DEFINITIONS = (
					"DEBUG=1",
					"$(inherited)",
				);
				GCC_WARN_64_TO_32_BIT_CONVERSION = YES;
				GCC_WARN_ABOUT_RETURN_TYPE = YES_ERROR;
				GCC_WARN_UNDECLARED_SELECTOR = YES;
				GCC_WARN_UNINITIALIZED_AUTOS = YES_AGGRESSIVE;
				GCC_WARN_UNUSED_FUNCTION = YES;
				GCC_WARN_UNUSED_VARIABLE = YES;
				IPHONEOS_DEPLOYMENT_TARGET = 15.5;
				MTL_ENABLE_DEBUG_INFO = INCLUDE_SOURCE;
				MTL_FAST_MATH = YES;
				ONLY_ACTIVE_ARCH = YES;
				SDKROOT = iphoneos;
				SWIFT_ACTIVE_COMPILATION_CONDITIONS = DEBUG;
				SWIFT_OPTIMIZATION_LEVEL = "-Onone";
			};
			name = Debug;
		};
		2ED7E0FC288E3E4E00DE16D4 /* Release */ = {
			isa = XCBuildConfiguration;
			buildSettings = {
				ALWAYS_SEARCH_USER_PATHS = NO;
				CLANG_ANALYZER_NONNULL = YES;
				CLANG_ANALYZER_NUMBER_OBJECT_CONVERSION = YES_AGGRESSIVE;
				CLANG_CXX_LANGUAGE_STANDARD = "gnu++17";
				CLANG_ENABLE_MODULES = YES;
				CLANG_ENABLE_OBJC_ARC = YES;
				CLANG_ENABLE_OBJC_WEAK = YES;
				CLANG_WARN_BLOCK_CAPTURE_AUTORELEASING = YES;
				CLANG_WARN_BOOL_CONVERSION = YES;
				CLANG_WARN_COMMA = YES;
				CLANG_WARN_CONSTANT_CONVERSION = YES;
				CLANG_WARN_DEPRECATED_OBJC_IMPLEMENTATIONS = YES;
				CLANG_WARN_DIRECT_OBJC_ISA_USAGE = YES_ERROR;
				CLANG_WARN_DOCUMENTATION_COMMENTS = YES;
				CLANG_WARN_EMPTY_BODY = YES;
				CLANG_WARN_ENUM_CONVERSION = YES;
				CLANG_WARN_INFINITE_RECURSION = YES;
				CLANG_WARN_INT_CONVERSION = YES;
				CLANG_WARN_NON_LITERAL_NULL_CONVERSION = YES;
				CLANG_WARN_OBJC_IMPLICIT_RETAIN_SELF = YES;
				CLANG_WARN_OBJC_LITERAL_CONVERSION = YES;
				CLANG_WARN_OBJC_ROOT_CLASS = YES_ERROR;
				CLANG_WARN_QUOTED_INCLUDE_IN_FRAMEWORK_HEADER = YES;
				CLANG_WARN_RANGE_LOOP_ANALYSIS = YES;
				CLANG_WARN_STRICT_PROTOTYPES = YES;
				CLANG_WARN_SUSPICIOUS_MOVE = YES;
				CLANG_WARN_UNGUARDED_AVAILABILITY = YES_AGGRESSIVE;
				CLANG_WARN_UNREACHABLE_CODE = YES;
				CLANG_WARN__DUPLICATE_METHOD_MATCH = YES;
				COPY_PHASE_STRIP = NO;
				DEBUG_INFORMATION_FORMAT = "dwarf-with-dsym";
				ENABLE_NS_ASSERTIONS = NO;
				ENABLE_STRICT_OBJC_MSGSEND = YES;
				GCC_C_LANGUAGE_STANDARD = gnu11;
				GCC_NO_COMMON_BLOCKS = YES;
				GCC_WARN_64_TO_32_BIT_CONVERSION = YES;
				GCC_WARN_ABOUT_RETURN_TYPE = YES_ERROR;
				GCC_WARN_UNDECLARED_SELECTOR = YES;
				GCC_WARN_UNINITIALIZED_AUTOS = YES_AGGRESSIVE;
				GCC_WARN_UNUSED_FUNCTION = YES;
				GCC_WARN_UNUSED_VARIABLE = YES;
				IPHONEOS_DEPLOYMENT_TARGET = 15.5;
				MTL_ENABLE_DEBUG_INFO = NO;
				MTL_FAST_MATH = YES;
				SDKROOT = iphoneos;
				SWIFT_COMPILATION_MODE = wholemodule;
				SWIFT_OPTIMIZATION_LEVEL = "-O";
				VALIDATE_PRODUCT = YES;
			};
			name = Release;
		};
		2ED7E0FE288E3E4E00DE16D4 /* Debug */ = {
			isa = XCBuildConfiguration;
			buildSettings = {
				ASSETCATALOG_COMPILER_APPICON_NAME = AppIcon;
				ASSETCATALOG_COMPILER_GLOBAL_ACCENT_COLOR_NAME = AccentColor;
				CODE_SIGN_STYLE = Automatic;
				CURRENT_PROJECT_VERSION = 1;
				DEVELOPMENT_ASSET_PATHS = "\"NC2/Preview Content\"";
				DEVELOPMENT_TEAM = T4QWP723VW;
				ENABLE_PREVIEWS = YES;
				GENERATE_INFOPLIST_FILE = YES;
				INFOPLIST_KEY_UIApplicationSceneManifest_Generation = YES;
				INFOPLIST_KEY_UIApplicationSupportsIndirectInputEvents = YES;
				INFOPLIST_KEY_UILaunchScreen_Generation = YES;
				INFOPLIST_KEY_UISupportedInterfaceOrientations_iPad = "UIInterfaceOrientationPortrait UIInterfaceOrientationPortraitUpsideDown UIInterfaceOrientationLandscapeLeft UIInterfaceOrientationLandscapeRight";
				INFOPLIST_KEY_UISupportedInterfaceOrientations_iPhone = "UIInterfaceOrientationPortrait UIInterfaceOrientationLandscapeLeft UIInterfaceOrientationLandscapeRight";
				LD_RUNPATH_SEARCH_PATHS = (
					"$(inherited)",
					"@executable_path/Frameworks",
				);
				MARKETING_VERSION = 1.0;
				PRODUCT_BUNDLE_IDENTIFIER = fadhilah.haris.NC2;
				PRODUCT_NAME = "$(TARGET_NAME)";
				SWIFT_EMIT_LOC_STRINGS = YES;
				SWIFT_VERSION = 5.0;
				TARGETED_DEVICE_FAMILY = "1,2";
			};
			name = Debug;
		};
		2ED7E0FF288E3E4E00DE16D4 /* Release */ = {
			isa = XCBuildConfiguration;
			buildSettings = {
				ASSETCATALOG_COMPILER_APPICON_NAME = AppIcon;
				ASSETCATALOG_COMPILER_GLOBAL_ACCENT_COLOR_NAME = AccentColor;
				CODE_SIGN_STYLE = Automatic;
				CURRENT_PROJECT_VERSION = 1;
				DEVELOPMENT_ASSET_PATHS = "\"NC2/Preview Content\"";
				DEVELOPMENT_TEAM = T4QWP723VW;
				ENABLE_PREVIEWS = YES;
				GENERATE_INFOPLIST_FILE = YES;
				INFOPLIST_KEY_UIApplicationSceneManifest_Generation = YES;
				INFOPLIST_KEY_UIApplicationSupportsIndirectInputEvents = YES;
				INFOPLIST_KEY_UILaunchScreen_Generation = YES;
				INFOPLIST_KEY_UISupportedInterfaceOrientations_iPad = "UIInterfaceOrientationPortrait UIInterfaceOrientationPortraitUpsideDown UIInterfaceOrientationLandscapeLeft UIInterfaceOrientationLandscapeRight";
				INFOPLIST_KEY_UISupportedInterfaceOrientations_iPhone = "UIInterfaceOrientationPortrait UIInterfaceOrientationLandscapeLeft UIInterfaceOrientationLandscapeRight";
				LD_RUNPATH_SEARCH_PATHS = (
					"$(inherited)",
					"@executable_path/Frameworks",
				);
				MARKETING_VERSION = 1.0;
				PRODUCT_BUNDLE_IDENTIFIER = fadhilah.haris.NC2;
				PRODUCT_NAME = "$(TARGET_NAME)";
				SWIFT_EMIT_LOC_STRINGS = YES;
				SWIFT_VERSION = 5.0;
				TARGETED_DEVICE_FAMILY = "1,2";
			};
			name = Release;
		};
/* End XCBuildConfiguration section */

/* Begin XCConfigurationList section */
		2ED7E0E5288E3E4D00DE16D4 /* Build configuration list for PBXProject "NC2" */ = {
			isa = XCConfigurationList;
			buildConfigurations = (
				2ED7E0FB288E3E4E00DE16D4 /* Debug */,
				2ED7E0FC288E3E4E00DE16D4 /* Release */,
			);
			defaultConfigurationIsVisible = 0;
			defaultConfigurationName = Release;
		};
		2ED7E0FD288E3E4E00DE16D4 /* Build configuration list for PBXNativeTarget "NC2" */ = {
			isa = XCConfigurationList;
			buildConfigurations = (
				2ED7E0FE288E3E4E00DE16D4 /* Debug */,
				2ED7E0FF288E3E4E00DE16D4 /* Release */,
			);
			defaultConfigurationIsVisible = 0;
			defaultConfigurationName = Release;
		};
/* End XCConfigurationList section */

/* Begin XCVersionGroup section */
		2ED7E0F8288E3E4E00DE16D4 /* NC2.xcdatamodeld */ = {
			isa = XCVersionGroup;
			children = (
				2ED7E0F9288E3E4E00DE16D4 /* NC2.xcdatamodel */,
			);
			currentVersion = 2ED7E0F9288E3E4E00DE16D4 /* NC2.xcdatamodel */;
			path = NC2.xcdatamodeld;
			sourceTree = "<group>";
			versionGroupType = wrapper.xcdatamodel;
		};
/* End XCVersionGroup section */
	};
	rootObject = 2ED7E0E2288E3E4D00DE16D4 /* Project object */;
}
